
Microsoft Visual Studio Solution File, Format Version 12.00
# Visual Studio 15
VisualStudioVersion = 15.0.26430.16
MinimumVisualStudioVersion = 10.0.40219.1
Project("{2150E333-8FDC-42A3-9474-1A3956D46DE8}") = "Solution Items", "Solution Items", "{F78CE0AC-B4DB-4F48-A0BA-B12EAB33009C}"
	ProjectSection(SolutionItems) = preProject
		.gitattributes = .gitattributes
		.gitignore = .gitignore
		Cleanup.cmd = Cleanup.cmd
		LICENSE.md = LICENSE.md
		README.md = README.md
	EndProjectSection
EndProject
Project("{FAE04EC0-301F-11D3-BF4B-00C04F79EFBC}") = "BordeX", "BordeX\BordeX.csproj", "{80F568F3-8B33-45DB-95FA-682241A57BB5}"
EndProject
Project("{FAE04EC0-301F-11D3-BF4B-00C04F79EFBC}") = "BordeX.Utilities", "BordeX.Utilities\BordeX.Utilities.csproj", "{DA0050D0-77DD-49C3-BBF8-9293745249E8}"
EndProject
Project("{8BC9CEB8-8B4A-11D0-8D11-00A0C91BC942}") = "BordeC", "BordeC\BordeX.Native.vcxproj", "{F27AB415-90C9-45A2-B11C-B142F5369EA2}"
EndProject
Project("{FAE04EC0-301F-11D3-BF4B-00C04F79EFBC}") = "BordeX.NativeBridge", "BordeX.NativeBridge\BordeX.NativeBridge.csproj", "{3DF2434F-4F7C-42F7-8E6E-E495CB04037B}"
EndProject
Global
	GlobalSection(SolutionConfigurationPlatforms) = preSolution
		Debug|Any CPU = Debug|Any CPU
		Debug|x64 = Debug|x64
		Debug|x86 = Debug|x86
		Release|Any CPU = Release|Any CPU
		Release|x64 = Release|x64
		Release|x86 = Release|x86
	EndGlobalSection
	GlobalSection(ProjectConfigurationPlatforms) = postSolution
		{80F568F3-8B33-45DB-95FA-682241A57BB5}.Debug|Any CPU.ActiveCfg = Debug|Any CPU
		{80F568F3-8B33-45DB-95FA-682241A57BB5}.Debug|Any CPU.Build.0 = Debug|Any CPU
		{80F568F3-8B33-45DB-95FA-682241A57BB5}.Debug|x64.ActiveCfg = Debug|x64
		{80F568F3-8B33-45DB-95FA-682241A57BB5}.Debug|x64.Build.0 = Debug|x64
		{80F568F3-8B33-45DB-95FA-682241A57BB5}.Debug|x86.ActiveCfg = Debug|Any CPU
		{80F568F3-8B33-45DB-95FA-682241A57BB5}.Debug|x86.Build.0 = Debug|Any CPU
		{80F568F3-8B33-45DB-95FA-682241A57BB5}.Release|Any CPU.ActiveCfg = Release|Any CPU
		{80F568F3-8B33-45DB-95FA-682241A57BB5}.Release|Any CPU.Build.0 = Release|Any CPU
		{80F568F3-8B33-45DB-95FA-682241A57BB5}.Release|x64.ActiveCfg = Release|x64
		{80F568F3-8B33-45DB-95FA-682241A57BB5}.Release|x64.Build.0 = Release|x64
		{80F568F3-8B33-45DB-95FA-682241A57BB5}.Release|x86.ActiveCfg = Release|Any CPU
		{80F568F3-8B33-45DB-95FA-682241A57BB5}.Release|x86.Build.0 = Release|Any CPU
		{DA0050D0-77DD-49C3-BBF8-9293745249E8}.Debug|Any CPU.ActiveCfg = Debug|Any CPU
		{DA0050D0-77DD-49C3-BBF8-9293745249E8}.Debug|Any CPU.Build.0 = Debug|Any CPU
		{DA0050D0-77DD-49C3-BBF8-9293745249E8}.Debug|x64.ActiveCfg = Debug|Any CPU
		{DA0050D0-77DD-49C3-BBF8-9293745249E8}.Debug|x64.Build.0 = Debug|Any CPU
		{DA0050D0-77DD-49C3-BBF8-9293745249E8}.Debug|x86.ActiveCfg = Debug|Any CPU
		{DA0050D0-77DD-49C3-BBF8-9293745249E8}.Debug|x86.Build.0 = Debug|Any CPU
		{DA0050D0-77DD-49C3-BBF8-9293745249E8}.Release|Any CPU.ActiveCfg = Release|Any CPU
		{DA0050D0-77DD-49C3-BBF8-9293745249E8}.Release|Any CPU.Build.0 = Release|Any CPU
		{DA0050D0-77DD-49C3-BBF8-9293745249E8}.Release|x64.ActiveCfg = Release|Any CPU
		{DA0050D0-77DD-49C3-BBF8-9293745249E8}.Release|x64.Build.0 = Release|Any CPU
		{DA0050D0-77DD-49C3-BBF8-9293745249E8}.Release|x86.ActiveCfg = Release|Any CPU
		{DA0050D0-77DD-49C3-BBF8-9293745249E8}.Release|x86.Build.0 = Release|Any CPU
		{F27AB415-90C9-45A2-B11C-B142F5369EA2}.Debug|Any CPU.ActiveCfg = Debug|Win32
		{F27AB415-90C9-45A2-B11C-B142F5369EA2}.Debug|x64.ActiveCfg = Debug|x64
		{F27AB415-90C9-45A2-B11C-B142F5369EA2}.Debug|x64.Build.0 = Debug|x64
		{F27AB415-90C9-45A2-B11C-B142F5369EA2}.Debug|x86.ActiveCfg = Debug|Win32
		{F27AB415-90C9-45A2-B11C-B142F5369EA2}.Debug|x86.Build.0 = Debug|Win32
		{F27AB415-90C9-45A2-B11C-B142F5369EA2}.Release|Any CPU.ActiveCfg = Release|Win32
		{F27AB415-90C9-45A2-B11C-B142F5369EA2}.Release|x64.ActiveCfg = Release|x64
		{F27AB415-90C9-45A2-B11C-B142F5369EA2}.Release|x64.Build.0 = Release|x64
		{F27AB415-90C9-45A2-B11C-B142F5369EA2}.Release|x86.ActiveCfg = Release|Win32
		{F27AB415-90C9-45A2-B11C-B142F5369EA2}.Release|x86.Build.0 = Release|Win32
		{3DF2434F-4F7C-42F7-8E6E-E495CB04037B}.Debug|Any CPU.ActiveCfg = Debug|Any CPU
		{3DF2434F-4F7C-42F7-8E6E-E495CB04037B}.Debug|Any CPU.Build.0 = Debug|Any CPU
		{3DF2434F-4F7C-42F7-8E6E-E495CB04037B}.Debug|x64.ActiveCfg = Debug|Any CPU
		{3DF2434F-4F7C-42F7-8E6E-E495CB04037B}.Debug|x64.Build.0 = Debug|Any CPU
		{3DF2434F-4F7C-42F7-8E6E-E495CB04037B}.Debug|x86.ActiveCfg = Debug|Any CPU
		{3DF2434F-4F7C-42F7-8E6E-E495CB04037B}.Debug|x86.Build.0 = Debug|Any CPU
		{3DF2434F-4F7C-42F7-8E6E-E495CB04037B}.Release|Any CPU.ActiveCfg = Release|Any CPU
		{3DF2434F-4F7C-42F7-8E6E-E495CB04037B}.Release|Any CPU.Build.0 = Release|Any CPU
		{3DF2434F-4F7C-42F7-8E6E-E495CB04037B}.Release|x64.ActiveCfg = Release|Any CPU
		{3DF2434F-4F7C-42F7-8E6E-E495CB04037B}.Release|x64.Build.0 = Release|Any CPU
		{3DF2434F-4F7C-42F7-8E6E-E495CB04037B}.Release|x86.ActiveCfg = Release|Any CPU
		{3DF2434F-4F7C-42F7-8E6E-E495CB04037B}.Release|x86.Build.0 = Release|Any CPU
	EndGlobalSection
	GlobalSection(SolutionProperties) = preSolution
		HideSolutionNode = FALSE
	EndGlobalSection
EndGlobal
